
Microsoft Visual Studio Solution File, Format Version 12.00
# Visual Studio Version 16
VisualStudioVersion = 16.0.29920.165
MinimumVisualStudioVersion = 10.0.40219.1
Project("{FAE04EC0-301F-11D3-BF4B-00C04F79EFBC}") = "ConsoleApp2", "ConsoleApp2\ConsoleApp2.csproj", "{3E30AE4B-502D-43BD-821C-7731806F0ED3}"
EndProject
Global
	GlobalSection(SolutionConfigurationPlatforms) = preSolution
		Debug|Any CPU = Debug|Any CPU
		Release|Any CPU = Release|Any CPU
	EndGlobalSection
	GlobalSection(ProjectConfigurationPlatforms) = postSolution
		{3E30AE4B-502D-43BD-821C-7731806F0ED3}.Debug|Any CPU.ActiveCfg = Debug|Any CPU
		{3E30AE4B-502D-43BD-821C-7731806F0ED3}.Debug|Any CPU.Build.0 = Debug|Any CPU
		{3E30AE4B-502D-43BD-821C-7731806F0ED3}.Release|Any CPU.ActiveCfg = Release|Any CPU
		{3E30AE4B-502D-43BD-821C-7731806F0ED3}.Release|Any CPU.Build.0 = Release|Any CPU
	EndGlobalSection
	GlobalSection(SolutionProperties) = preSolution
		HideSolutionNode = FALSE
	EndGlobalSection
	GlobalSection(ExtensibilityGlobals) = postSolution
		SolutionGuid = {99D615FE-D740-4E29-9A71-2B080D86ACD0}
	EndGlobalSection
EndGlobal
